
Microsoft Visual Studio Solution File, Format Version 12.00
# Visual Studio Version 16
VisualStudioVersion = 16.0.30611.23
MinimumVisualStudioVersion = 10.0.40219.1
Project("{FAE04EC0-301F-11D3-BF4B-00C04F79EFBC}") = "CabInvoice", "CabInvoice.csproj", "{5DAA331C-7EA6-4AD8-8C53-FD1CC5361634}"
EndProject
Project("{FAE04EC0-301F-11D3-BF4B-00C04F79EFBC}") = "CabInvoiceTest", "..\CabInvoiceTest\CabInvoiceTest.csproj", "{542052E4-2921-4F56-ADA5-61798273B348}"
EndProject
Global
	GlobalSection(SolutionConfigurationPlatforms) = preSolution
		Debug|Any CPU = Debug|Any CPU
		Release|Any CPU = Release|Any CPU
	EndGlobalSection
	GlobalSection(ProjectConfigurationPlatforms) = postSolution
		{5DAA331C-7EA6-4AD8-8C53-FD1CC5361634}.Debug|Any CPU.ActiveCfg = Debug|Any CPU
		{5DAA331C-7EA6-4AD8-8C53-FD1CC5361634}.Debug|Any CPU.Build.0 = Debug|Any CPU
		{5DAA331C-7EA6-4AD8-8C53-FD1CC5361634}.Release|Any CPU.ActiveCfg = Release|Any CPU
		{5DAA331C-7EA6-4AD8-8C53-FD1CC5361634}.Release|Any CPU.Build.0 = Release|Any CPU
		{542052E4-2921-4F56-ADA5-61798273B348}.Debug|Any CPU.ActiveCfg = Debug|Any CPU
		{542052E4-2921-4F56-ADA5-61798273B348}.Debug|Any CPU.Build.0 = Debug|Any CPU
		{542052E4-2921-4F56-ADA5-61798273B348}.Release|Any CPU.ActiveCfg = Release|Any CPU
		{542052E4-2921-4F56-ADA5-61798273B348}.Release|Any CPU.Build.0 = Release|Any CPU
	EndGlobalSection
	GlobalSection(SolutionProperties) = preSolution
		HideSolutionNode = FALSE
	EndGlobalSection
	GlobalSection(ExtensibilityGlobals) = postSolution
		SolutionGuid = {96D16165-51DB-4A85-B35A-2AF43E4B6E74}
	EndGlobalSection
EndGlobal
